
Microsoft Visual Studio Solution File, Format Version 12.00
# Visual Studio Version 17
VisualStudioVersion = 17.0.31903.59
MinimumVisualStudioVersion = 10.0.40219.1
Project("{2150E333-8FDC-42A3-9474-1A3956D46DE8}") = "Services", "Services", "{ADDC1452-8B8C-437C-9ECA-568FBE794B6C}"
EndProject
Project("{FAE04EC0-301F-11D3-BF4B-00C04F79EFBC}") = "Catalog.API", "src\Services\Catalog.API\Catalog.API.csproj", "{DCE00591-D7FB-49DB-9ECF-29B6F02C36BE}"
EndProject
Project("{FAE04EC0-301F-11D3-BF4B-00C04F79EFBC}") = "BuildingBlocks", "src\BuildingBlocks\BuildingBlocks.csproj", "{336F920E-EBE7-4AE3-A4EF-FC7DD79B09B0}"
EndProject
Project("{2150E333-8FDC-42A3-9474-1A3956D46DE8}") = "src", "src", "{A614E788-58E5-436A-91C0-401FE6E6A473}"
EndProject
Project("{2150E333-8FDC-42A3-9474-1A3956D46DE8}") = "Services", "Services", "{225E0F3C-FB1C-411E-B54E-CD52F2677F1B}"
EndProject
Project("{FAE04EC0-301F-11D3-BF4B-00C04F79EFBC}") = "Basket.API", "src\Services\Basket.API\Basket.API.csproj", "{7C4AE91E-42D6-4543-836E-DC5B244DAD79}"
EndProject
Project("{FAE04EC0-301F-11D3-BF4B-00C04F79EFBC}") = "Discount.Grpc", "src\Services\Discount.Grpc\Discount.Grpc.csproj", "{800D5A23-74B4-413E-A2FF-405297556983}"
EndProject
Project("{2150E333-8FDC-42A3-9474-1A3956D46DE8}") = "Ordering", "Ordering", "{F2EF5605-C759-4417-994F-EAD97B10250E}"
EndProject
Project("{FAE04EC0-301F-11D3-BF4B-00C04F79EFBC}") = "Ordering.API", "src\Services\Ordering\Ordering.API\Ordering.API.csproj", "{5D907C6B-63CD-4507-B65C-4B13FB1D4DD0}"
EndProject
Project("{FAE04EC0-301F-11D3-BF4B-00C04F79EFBC}") = "Ordering.Domain", "src\Services\Ordering\Ordering.Domain\Ordering.Domain.csproj", "{D521EC2E-C6D0-4B65-B280-502BC3889BBB}"
EndProject
Project("{FAE04EC0-301F-11D3-BF4B-00C04F79EFBC}") = "Ordering.Application", "src\Services\Ordering\Ordering.Application\Ordering.Application.csproj", "{0E7493C1-1BD4-41D5-940A-27AF5BA30D07}"
EndProject
Project("{FAE04EC0-301F-11D3-BF4B-00C04F79EFBC}") = "Ordering.Infrastructure", "src\Services\Ordering\Ordering.Infrastructure\Ordering.Infrastructure.csproj", "{63EF5AEA-44EE-4351-9E95-3CA494D97FDD}"
EndProject
Project("{FAE04EC0-301F-11D3-BF4B-00C04F79EFBC}") = "BuildingBlock.Messaging", "src\BuildingBlocks.Messaging\BuildingBlock.Messaging.csproj", "{507898DB-0207-4F77-84BF-891D3A4E8ACC}"
EndProject
Project("{2150E333-8FDC-42A3-9474-1A3956D46DE8}") = "WebApps", "WebApps", "{6AD1AC45-0ED5-4225-9F67-6B1F38AEE684}"
EndProject
Project("{FAE04EC0-301F-11D3-BF4B-00C04F79EFBC}") = "Shopping.Web", "src\WebApps\Shopping.Web\Shopping.Web.csproj", "{32137465-D8FE-419C-9991-56E63807C3B7}"
EndProject
Global
	GlobalSection(SolutionConfigurationPlatforms) = preSolution
		Debug|Any CPU = Debug|Any CPU
		Release|Any CPU = Release|Any CPU
	EndGlobalSection
	GlobalSection(SolutionProperties) = preSolution
		HideSolutionNode = FALSE
	EndGlobalSection
	GlobalSection(ProjectConfigurationPlatforms) = postSolution
		{DCE00591-D7FB-49DB-9ECF-29B6F02C36BE}.Debug|Any CPU.ActiveCfg = Debug|Any CPU
		{DCE00591-D7FB-49DB-9ECF-29B6F02C36BE}.Debug|Any CPU.Build.0 = Debug|Any CPU
		{DCE00591-D7FB-49DB-9ECF-29B6F02C36BE}.Release|Any CPU.ActiveCfg = Release|Any CPU
		{DCE00591-D7FB-49DB-9ECF-29B6F02C36BE}.Release|Any CPU.Build.0 = Release|Any CPU
		{336F920E-EBE7-4AE3-A4EF-FC7DD79B09B0}.Debug|Any CPU.ActiveCfg = Debug|Any CPU
		{336F920E-EBE7-4AE3-A4EF-FC7DD79B09B0}.Debug|Any CPU.Build.0 = Debug|Any CPU
		{336F920E-EBE7-4AE3-A4EF-FC7DD79B09B0}.Release|Any CPU.ActiveCfg = Release|Any CPU
		{336F920E-EBE7-4AE3-A4EF-FC7DD79B09B0}.Release|Any CPU.Build.0 = Release|Any CPU
		{7C4AE91E-42D6-4543-836E-DC5B244DAD79}.Debug|Any CPU.ActiveCfg = Debug|Any CPU
		{7C4AE91E-42D6-4543-836E-DC5B244DAD79}.Debug|Any CPU.Build.0 = Debug|Any CPU
		{7C4AE91E-42D6-4543-836E-DC5B244DAD79}.Release|Any CPU.ActiveCfg = Release|Any CPU
		{7C4AE91E-42D6-4543-836E-DC5B244DAD79}.Release|Any CPU.Build.0 = Release|Any CPU
		{800D5A23-74B4-413E-A2FF-405297556983}.Debug|Any CPU.ActiveCfg = Debug|Any CPU
		{800D5A23-74B4-413E-A2FF-405297556983}.Debug|Any CPU.Build.0 = Debug|Any CPU
		{800D5A23-74B4-413E-A2FF-405297556983}.Release|Any CPU.ActiveCfg = Release|Any CPU
		{800D5A23-74B4-413E-A2FF-405297556983}.Release|Any CPU.Build.0 = Release|Any CPU
		{5D907C6B-63CD-4507-B65C-4B13FB1D4DD0}.Debug|Any CPU.ActiveCfg = Debug|Any CPU
		{5D907C6B-63CD-4507-B65C-4B13FB1D4DD0}.Debug|Any CPU.Build.0 = Debug|Any CPU
		{5D907C6B-63CD-4507-B65C-4B13FB1D4DD0}.Release|Any CPU.ActiveCfg = Release|Any CPU
		{5D907C6B-63CD-4507-B65C-4B13FB1D4DD0}.Release|Any CPU.Build.0 = Release|Any CPU
		{D521EC2E-C6D0-4B65-B280-502BC3889BBB}.Debug|Any CPU.ActiveCfg = Debug|Any CPU
		{D521EC2E-C6D0-4B65-B280-502BC3889BBB}.Debug|Any CPU.Build.0 = Debug|Any CPU
		{D521EC2E-C6D0-4B65-B280-502BC3889BBB}.Release|Any CPU.ActiveCfg = Release|Any CPU
		{D521EC2E-C6D0-4B65-B280-502BC3889BBB}.Release|Any CPU.Build.0 = Release|Any CPU
		{0E7493C1-1BD4-41D5-940A-27AF5BA30D07}.Debug|Any CPU.ActiveCfg = Debug|Any CPU
		{0E7493C1-1BD4-41D5-940A-27AF5BA30D07}.Debug|Any CPU.Build.0 = Debug|Any CPU
		{0E7493C1-1BD4-41D5-940A-27AF5BA30D07}.Release|Any CPU.ActiveCfg = Release|Any CPU
		{0E7493C1-1BD4-41D5-940A-27AF5BA30D07}.Release|Any CPU.Build.0 = Release|Any CPU
		{63EF5AEA-44EE-4351-9E95-3CA494D97FDD}.Debug|Any CPU.ActiveCfg = Debug|Any CPU
		{63EF5AEA-44EE-4351-9E95-3CA494D97FDD}.Debug|Any CPU.Build.0 = Debug|Any CPU
		{63EF5AEA-44EE-4351-9E95-3CA494D97FDD}.Release|Any CPU.ActiveCfg = Release|Any CPU
		{63EF5AEA-44EE-4351-9E95-3CA494D97FDD}.Release|Any CPU.Build.0 = Release|Any CPU
		{507898DB-0207-4F77-84BF-891D3A4E8ACC}.Debug|Any CPU.ActiveCfg = Debug|Any CPU
		{507898DB-0207-4F77-84BF-891D3A4E8ACC}.Debug|Any CPU.Build.0 = Debug|Any CPU
		{507898DB-0207-4F77-84BF-891D3A4E8ACC}.Release|Any CPU.ActiveCfg = Release|Any CPU
		{507898DB-0207-4F77-84BF-891D3A4E8ACC}.Release|Any CPU.Build.0 = Release|Any CPU
		{32137465-D8FE-419C-9991-56E63807C3B7}.Debug|Any CPU.ActiveCfg = Debug|Any CPU
		{32137465-D8FE-419C-9991-56E63807C3B7}.Debug|Any CPU.Build.0 = Debug|Any CPU
		{32137465-D8FE-419C-9991-56E63807C3B7}.Release|Any CPU.ActiveCfg = Release|Any CPU
		{32137465-D8FE-419C-9991-56E63807C3B7}.Release|Any CPU.Build.0 = Release|Any CPU
	EndGlobalSection
	GlobalSection(NestedProjects) = preSolution
		{DCE00591-D7FB-49DB-9ECF-29B6F02C36BE} = {ADDC1452-8B8C-437C-9ECA-568FBE794B6C}
		{225E0F3C-FB1C-411E-B54E-CD52F2677F1B} = {A614E788-58E5-436A-91C0-401FE6E6A473}
		{7C4AE91E-42D6-4543-836E-DC5B244DAD79} = {225E0F3C-FB1C-411E-B54E-CD52F2677F1B}
		{800D5A23-74B4-413E-A2FF-405297556983} = {225E0F3C-FB1C-411E-B54E-CD52F2677F1B}
		{F2EF5605-C759-4417-994F-EAD97B10250E} = {225E0F3C-FB1C-411E-B54E-CD52F2677F1B}
		{5D907C6B-63CD-4507-B65C-4B13FB1D4DD0} = {F2EF5605-C759-4417-994F-EAD97B10250E}
		{D521EC2E-C6D0-4B65-B280-502BC3889BBB} = {F2EF5605-C759-4417-994F-EAD97B10250E}
		{0E7493C1-1BD4-41D5-940A-27AF5BA30D07} = {F2EF5605-C759-4417-994F-EAD97B10250E}
		{63EF5AEA-44EE-4351-9E95-3CA494D97FDD} = {F2EF5605-C759-4417-994F-EAD97B10250E}
		{507898DB-0207-4F77-84BF-891D3A4E8ACC} = {A614E788-58E5-436A-91C0-401FE6E6A473}
		{6AD1AC45-0ED5-4225-9F67-6B1F38AEE684} = {A614E788-58E5-436A-91C0-401FE6E6A473}
		{32137465-D8FE-419C-9991-56E63807C3B7} = {6AD1AC45-0ED5-4225-9F67-6B1F38AEE684}
	EndGlobalSection
EndGlobal
